
Microsoft Visual Studio Solution File, Format Version 12.00
# Visual Studio 15
VisualStudioVersion = 15.0.28307.421
MinimumVisualStudioVersion = 10.0.40219.1
Project("{FAE04EC0-301F-11D3-BF4B-00C04F79EFBC}") = "exFour", "exFour\exFour.csproj", "{22440990-7B8D-40EF-B1A4-91B3490E14A8}"
EndProject
Global
	GlobalSection(SolutionConfigurationPlatforms) = preSolution
		Debug|Any CPU = Debug|Any CPU
		Release|Any CPU = Release|Any CPU
	EndGlobalSection
	GlobalSection(ProjectConfigurationPlatforms) = postSolution
		{22440990-7B8D-40EF-B1A4-91B3490E14A8}.Debug|Any CPU.ActiveCfg = Debug|Any CPU
		{22440990-7B8D-40EF-B1A4-91B3490E14A8}.Debug|Any CPU.Build.0 = Debug|Any CPU
		{22440990-7B8D-40EF-B1A4-91B3490E14A8}.Release|Any CPU.ActiveCfg = Release|Any CPU
		{22440990-7B8D-40EF-B1A4-91B3490E14A8}.Release|Any CPU.Build.0 = Release|Any CPU
	EndGlobalSection
	GlobalSection(SolutionProperties) = preSolution
		HideSolutionNode = FALSE
	EndGlobalSection
	GlobalSection(ExtensibilityGlobals) = postSolution
		SolutionGuid = {F45C57DE-4805-483F-A1F2-FFCA704CD5F9}
	EndGlobalSection
EndGlobal
