
Microsoft Visual Studio Solution File, Format Version 12.00
# Visual Studio Version 16
VisualStudioVersion = 16.0.28803.352
MinimumVisualStudioVersion = 10.0.40219.1
Project("{FAE04EC0-301F-11D3-BF4B-00C04F79EFBC}") = "Lab_8_1", "lab\Lab_8_1.csproj", "{12AA0F4D-C117-48DE-90CF-7F7A03F7DF14}"
EndProject
Global
	GlobalSection(SolutionConfigurationPlatforms) = preSolution
		Debug|Any CPU = Debug|Any CPU
		Release|Any CPU = Release|Any CPU
	EndGlobalSection
	GlobalSection(ProjectConfigurationPlatforms) = postSolution
		{12AA0F4D-C117-48DE-90CF-7F7A03F7DF14}.Debug|Any CPU.ActiveCfg = Debug|Any CPU
		{12AA0F4D-C117-48DE-90CF-7F7A03F7DF14}.Debug|Any CPU.Build.0 = Debug|Any CPU
		{12AA0F4D-C117-48DE-90CF-7F7A03F7DF14}.Release|Any CPU.ActiveCfg = Release|Any CPU
		{12AA0F4D-C117-48DE-90CF-7F7A03F7DF14}.Release|Any CPU.Build.0 = Release|Any CPU
	EndGlobalSection
	GlobalSection(SolutionProperties) = preSolution
		HideSolutionNode = FALSE
	EndGlobalSection
	GlobalSection(ExtensibilityGlobals) = postSolution
		SolutionGuid = {B46B72B6-F235-4DCD-9EB7-35EBD2E7D2E0}
	EndGlobalSection
EndGlobal
