
Microsoft Visual Studio Solution File, Format Version 12.00
# Visual Studio Version 16
VisualStudioVersion = 16.0.28803.352
MinimumVisualStudioVersion = 10.0.40219.1
Project("{FAE04EC0-301F-11D3-BF4B-00C04F79EFBC}") = "Lab_9_5", "Lab_9_5\Lab_9_5.csproj", "{D34DD0A8-B263-49DA-8A74-E06BA7FB0829}"
EndProject
Global
	GlobalSection(SolutionConfigurationPlatforms) = preSolution
		Debug|Any CPU = Debug|Any CPU
		Release|Any CPU = Release|Any CPU
	EndGlobalSection
	GlobalSection(ProjectConfigurationPlatforms) = postSolution
		{D34DD0A8-B263-49DA-8A74-E06BA7FB0829}.Debug|Any CPU.ActiveCfg = Debug|Any CPU
		{D34DD0A8-B263-49DA-8A74-E06BA7FB0829}.Debug|Any CPU.Build.0 = Debug|Any CPU
		{D34DD0A8-B263-49DA-8A74-E06BA7FB0829}.Release|Any CPU.ActiveCfg = Release|Any CPU
		{D34DD0A8-B263-49DA-8A74-E06BA7FB0829}.Release|Any CPU.Build.0 = Release|Any CPU
	EndGlobalSection
	GlobalSection(SolutionProperties) = preSolution
		HideSolutionNode = FALSE
	EndGlobalSection
	GlobalSection(ExtensibilityGlobals) = postSolution
		SolutionGuid = {3F215519-A66C-4FC5-BC5E-06D9C1904F40}
	EndGlobalSection
EndGlobal
